
Microsoft Visual Studio Solution File, Format Version 12.00
# Visual Studio Version 17
VisualStudioVersion = 17.14.36221.1
MinimumVisualStudioVersion = 10.0.40219.1
Project("{FAE04EC0-301F-11D3-BF4B-00C04F79EFBC}") = "nas_FB10_MoodTracker2", "nas_FB10_MoodTracker2.csproj", "{7ACE7B0D-FAC4-4903-9889-C943AD077418}"
EndProject
Global
	GlobalSection(SolutionConfigurationPlatforms) = preSolution
		Debug|Any CPU = Debug|Any CPU
		Release|Any CPU = Release|Any CPU
	EndGlobalSection
	GlobalSection(ProjectConfigurationPlatforms) = postSolution
		{7ACE7B0D-FAC4-4903-9889-C943AD077418}.Debug|Any CPU.ActiveCfg = Debug|Any CPU
		{7ACE7B0D-FAC4-4903-9889-C943AD077418}.Debug|Any CPU.Build.0 = Debug|Any CPU
		{7ACE7B0D-FAC4-4903-9889-C943AD077418}.Debug|Any CPU.Deploy.0 = Debug|Any CPU
		{7ACE7B0D-FAC4-4903-9889-C943AD077418}.Release|Any CPU.ActiveCfg = Release|Any CPU
		{7ACE7B0D-FAC4-4903-9889-C943AD077418}.Release|Any CPU.Build.0 = Release|Any CPU
	EndGlobalSection
	GlobalSection(SolutionProperties) = preSolution
		HideSolutionNode = FALSE
	EndGlobalSection
	GlobalSection(ExtensibilityGlobals) = postSolution
		SolutionGuid = {0B939E69-AFED-4AC4-BC19-BA7EBA0FAA52}
	EndGlobalSection
EndGlobal
